
Microsoft Visual Studio Solution File, Format Version 12.00
# Visual Studio Version 17
VisualStudioVersion = 17.0.31903.59
MinimumVisualStudioVersion = 10.0.40219.1
Project("{FAE04EC0-301F-11D3-BF4B-00C04F79EFBC}") = "JobApplicationTracker.Api", "JobApplicationTracker.Api\JobApplicationTracker.Api.csproj", "{88AB6648-0B99-4925-8574-99E8BAD42706}"
EndProject
Project("{FAE04EC0-301F-11D3-BF4B-00C04F79EFBC}") = "JobApplicationTracker.Service", "JobApplicationTracker.Service\JobApplicationTracker.Service.csproj", "{DF1B9985-BCA6-4DBA-9511-472D0044A0F5}"
EndProject
Project("{FAE04EC0-301F-11D3-BF4B-00C04F79EFBC}") = "JobApplicationTracker.Data", "JobApplicationTracker.Data\JobApplicationTracker.Data.csproj", "{BE0F052A-7FE9-4BF4-9A69-9E98F18A89E6}"
EndProject
Global
	GlobalSection(SolutionConfigurationPlatforms) = preSolution
		Debug|Any CPU = Debug|Any CPU
		Debug|x64 = Debug|x64
		Debug|x86 = Debug|x86
		Release|Any CPU = Release|Any CPU
		Release|x64 = Release|x64
		Release|x86 = Release|x86
	EndGlobalSection
	GlobalSection(ProjectConfigurationPlatforms) = postSolution
		{88AB6648-0B99-4925-8574-99E8BAD42706}.Debug|Any CPU.ActiveCfg = Debug|Any CPU
		{88AB6648-0B99-4925-8574-99E8BAD42706}.Debug|Any CPU.Build.0 = Debug|Any CPU
		{88AB6648-0B99-4925-8574-99E8BAD42706}.Debug|x64.ActiveCfg = Debug|Any CPU
		{88AB6648-0B99-4925-8574-99E8BAD42706}.Debug|x64.Build.0 = Debug|Any CPU
		{88AB6648-0B99-4925-8574-99E8BAD42706}.Debug|x86.ActiveCfg = Debug|Any CPU
		{88AB6648-0B99-4925-8574-99E8BAD42706}.Debug|x86.Build.0 = Debug|Any CPU
		{88AB6648-0B99-4925-8574-99E8BAD42706}.Release|Any CPU.ActiveCfg = Release|Any CPU
		{88AB6648-0B99-4925-8574-99E8BAD42706}.Release|Any CPU.Build.0 = Release|Any CPU
		{88AB6648-0B99-4925-8574-99E8BAD42706}.Release|x64.ActiveCfg = Release|Any CPU
		{88AB6648-0B99-4925-8574-99E8BAD42706}.Release|x64.Build.0 = Release|Any CPU
		{88AB6648-0B99-4925-8574-99E8BAD42706}.Release|x86.ActiveCfg = Release|Any CPU
		{88AB6648-0B99-4925-8574-99E8BAD42706}.Release|x86.Build.0 = Release|Any CPU
		{DF1B9985-BCA6-4DBA-9511-472D0044A0F5}.Debug|Any CPU.ActiveCfg = Debug|Any CPU
		{DF1B9985-BCA6-4DBA-9511-472D0044A0F5}.Debug|Any CPU.Build.0 = Debug|Any CPU
		{DF1B9985-BCA6-4DBA-9511-472D0044A0F5}.Debug|x64.ActiveCfg = Debug|Any CPU
		{DF1B9985-BCA6-4DBA-9511-472D0044A0F5}.Debug|x64.Build.0 = Debug|Any CPU
		{DF1B9985-BCA6-4DBA-9511-472D0044A0F5}.Debug|x86.ActiveCfg = Debug|Any CPU
		{DF1B9985-BCA6-4DBA-9511-472D0044A0F5}.Debug|x86.Build.0 = Debug|Any CPU
		{DF1B9985-BCA6-4DBA-9511-472D0044A0F5}.Release|Any CPU.ActiveCfg = Release|Any CPU
		{DF1B9985-BCA6-4DBA-9511-472D0044A0F5}.Release|Any CPU.Build.0 = Release|Any CPU
		{DF1B9985-BCA6-4DBA-9511-472D0044A0F5}.Release|x64.ActiveCfg = Release|Any CPU
		{DF1B9985-BCA6-4DBA-9511-472D0044A0F5}.Release|x64.Build.0 = Release|Any CPU
		{DF1B9985-BCA6-4DBA-9511-472D0044A0F5}.Release|x86.ActiveCfg = Release|Any CPU
		{DF1B9985-BCA6-4DBA-9511-472D0044A0F5}.Release|x86.Build.0 = Release|Any CPU
		{BE0F052A-7FE9-4BF4-9A69-9E98F18A89E6}.Debug|Any CPU.ActiveCfg = Debug|Any CPU
		{BE0F052A-7FE9-4BF4-9A69-9E98F18A89E6}.Debug|Any CPU.Build.0 = Debug|Any CPU
		{BE0F052A-7FE9-4BF4-9A69-9E98F18A89E6}.Debug|x64.ActiveCfg = Debug|Any CPU
		{BE0F052A-7FE9-4BF4-9A69-9E98F18A89E6}.Debug|x64.Build.0 = Debug|Any CPU
		{BE0F052A-7FE9-4BF4-9A69-9E98F18A89E6}.Debug|x86.ActiveCfg = Debug|Any CPU
		{BE0F052A-7FE9-4BF4-9A69-9E98F18A89E6}.Debug|x86.Build.0 = Debug|Any CPU
		{BE0F052A-7FE9-4BF4-9A69-9E98F18A89E6}.Release|Any CPU.ActiveCfg = Release|Any CPU
		{BE0F052A-7FE9-4BF4-9A69-9E98F18A89E6}.Release|Any CPU.Build.0 = Release|Any CPU
		{BE0F052A-7FE9-4BF4-9A69-9E98F18A89E6}.Release|x64.ActiveCfg = Release|Any CPU
		{BE0F052A-7FE9-4BF4-9A69-9E98F18A89E6}.Release|x64.Build.0 = Release|Any CPU
		{BE0F052A-7FE9-4BF4-9A69-9E98F18A89E6}.Release|x86.ActiveCfg = Release|Any CPU
		{BE0F052A-7FE9-4BF4-9A69-9E98F18A89E6}.Release|x86.Build.0 = Release|Any CPU
	EndGlobalSection
	GlobalSection(SolutionProperties) = preSolution
		HideSolutionNode = FALSE
	EndGlobalSection
	GlobalSection(ExtensibilityGlobals) = postSolution
		SolutionGuid = {2D15D83D-3E03-498D-A1C4-F209E9426977}
	EndGlobalSection
EndGlobal
